
Microsoft Visual Studio Solution File, Format Version 12.00
# Visual Studio 2012
Project("{FAE04EC0-301F-11D3-BF4B-00C04F79EFBC}") = "HelloMac", "HelloMac\HelloMac.csproj", "{C999A044-E13B-43D9-BEAA-688CB60EE436}"
EndProject
Global
	GlobalSection(SolutionConfigurationPlatforms) = preSolution
		Debug|x86 = Debug|x86
		Release|x86 = Release|x86
	EndGlobalSection
	GlobalSection(ProjectConfigurationPlatforms) = postSolution
		{C999A044-E13B-43D9-BEAA-688CB60EE436}.Debug|x86.ActiveCfg = Debug|x86
		{C999A044-E13B-43D9-BEAA-688CB60EE436}.Debug|x86.Build.0 = Debug|x86
		{C999A044-E13B-43D9-BEAA-688CB60EE436}.Release|x86.ActiveCfg = Release|x86
		{C999A044-E13B-43D9-BEAA-688CB60EE436}.Release|x86.Build.0 = Release|x86
	EndGlobalSection
EndGlobal
